
Microsoft Visual Studio Solution File, Format Version 12.00
# Visual Studio Version 17
Project("{8BC9CEB8-8B4A-11D0-8D11-00A0C91BC942}") = "ALL_BUILD", "ALL_BUILD.vcxproj", "{126A635A-13FE-353F-932C-A9CA8AA217A9}"
	ProjectSection(ProjectDependencies) = postProject
		{029D18B2-7028-32D6-81BA-6418DA99B4E2} = {029D18B2-7028-32D6-81BA-6418DA99B4E2}
		{B2E14157-64FE-3339-B9CF-995984E4EC35} = {B2E14157-64FE-3339-B9CF-995984E4EC35}
	EndProjectSection
EndProject
Project("{8BC9CEB8-8B4A-11D0-8D11-00A0C91BC942}") = "INSTALL", "INSTALL.vcxproj", "{4652E371-2870-3202-95E4-CA1A95D597BE}"
	ProjectSection(ProjectDependencies) = postProject
		{126A635A-13FE-353F-932C-A9CA8AA217A9} = {126A635A-13FE-353F-932C-A9CA8AA217A9}
		{029D18B2-7028-32D6-81BA-6418DA99B4E2} = {029D18B2-7028-32D6-81BA-6418DA99B4E2}
	EndProjectSection
EndProject
Project("{8BC9CEB8-8B4A-11D0-8D11-00A0C91BC942}") = "PACKAGE", "PACKAGE.vcxproj", "{3C737EE2-2EC1-36B3-A9C8-EE79CF411F67}"
	ProjectSection(ProjectDependencies) = postProject
		{126A635A-13FE-353F-932C-A9CA8AA217A9} = {126A635A-13FE-353F-932C-A9CA8AA217A9}
		{029D18B2-7028-32D6-81BA-6418DA99B4E2} = {029D18B2-7028-32D6-81BA-6418DA99B4E2}
	EndProjectSection
EndProject
Project("{8BC9CEB8-8B4A-11D0-8D11-00A0C91BC942}") = "ZERO_CHECK", "ZERO_CHECK.vcxproj", "{029D18B2-7028-32D6-81BA-6418DA99B4E2}"
	ProjectSection(ProjectDependencies) = postProject
	EndProjectSection
EndProject
Project("{8BC9CEB8-8B4A-11D0-8D11-00A0C91BC942}") = "libssh2_static", "src\libssh2_static.vcxproj", "{B2E14157-64FE-3339-B9CF-995984E4EC35}"
	ProjectSection(ProjectDependencies) = postProject
		{029D18B2-7028-32D6-81BA-6418DA99B4E2} = {029D18B2-7028-32D6-81BA-6418DA99B4E2}
	EndProjectSection
EndProject
Global
	GlobalSection(SolutionConfigurationPlatforms) = preSolution
		Debug|x64 = Debug|x64
		Release|x64 = Release|x64
		MinSizeRel|x64 = MinSizeRel|x64
		RelWithDebInfo|x64 = RelWithDebInfo|x64
	EndGlobalSection
	GlobalSection(ProjectConfigurationPlatforms) = postSolution
		{126A635A-13FE-353F-932C-A9CA8AA217A9}.Debug|x64.ActiveCfg = Debug|x64
		{126A635A-13FE-353F-932C-A9CA8AA217A9}.Debug|x64.Build.0 = Debug|x64
		{126A635A-13FE-353F-932C-A9CA8AA217A9}.Release|x64.ActiveCfg = Release|x64
		{126A635A-13FE-353F-932C-A9CA8AA217A9}.Release|x64.Build.0 = Release|x64
		{126A635A-13FE-353F-932C-A9CA8AA217A9}.MinSizeRel|x64.ActiveCfg = MinSizeRel|x64
		{126A635A-13FE-353F-932C-A9CA8AA217A9}.MinSizeRel|x64.Build.0 = MinSizeRel|x64
		{126A635A-13FE-353F-932C-A9CA8AA217A9}.RelWithDebInfo|x64.ActiveCfg = RelWithDebInfo|x64
		{126A635A-13FE-353F-932C-A9CA8AA217A9}.RelWithDebInfo|x64.Build.0 = RelWithDebInfo|x64
		{4652E371-2870-3202-95E4-CA1A95D597BE}.Debug|x64.ActiveCfg = Debug|x64
		{4652E371-2870-3202-95E4-CA1A95D597BE}.Release|x64.ActiveCfg = Release|x64
		{4652E371-2870-3202-95E4-CA1A95D597BE}.MinSizeRel|x64.ActiveCfg = MinSizeRel|x64
		{4652E371-2870-3202-95E4-CA1A95D597BE}.RelWithDebInfo|x64.ActiveCfg = RelWithDebInfo|x64
		{3C737EE2-2EC1-36B3-A9C8-EE79CF411F67}.Debug|x64.ActiveCfg = Debug|x64
		{3C737EE2-2EC1-36B3-A9C8-EE79CF411F67}.Release|x64.ActiveCfg = Release|x64
		{3C737EE2-2EC1-36B3-A9C8-EE79CF411F67}.MinSizeRel|x64.ActiveCfg = MinSizeRel|x64
		{3C737EE2-2EC1-36B3-A9C8-EE79CF411F67}.RelWithDebInfo|x64.ActiveCfg = RelWithDebInfo|x64
		{029D18B2-7028-32D6-81BA-6418DA99B4E2}.Debug|x64.ActiveCfg = Debug|x64
		{029D18B2-7028-32D6-81BA-6418DA99B4E2}.Debug|x64.Build.0 = Debug|x64
		{029D18B2-7028-32D6-81BA-6418DA99B4E2}.Release|x64.ActiveCfg = Release|x64
		{029D18B2-7028-32D6-81BA-6418DA99B4E2}.Release|x64.Build.0 = Release|x64
		{029D18B2-7028-32D6-81BA-6418DA99B4E2}.MinSizeRel|x64.ActiveCfg = MinSizeRel|x64
		{029D18B2-7028-32D6-81BA-6418DA99B4E2}.MinSizeRel|x64.Build.0 = MinSizeRel|x64
		{029D18B2-7028-32D6-81BA-6418DA99B4E2}.RelWithDebInfo|x64.ActiveCfg = RelWithDebInfo|x64
		{029D18B2-7028-32D6-81BA-6418DA99B4E2}.RelWithDebInfo|x64.Build.0 = RelWithDebInfo|x64
		{B2E14157-64FE-3339-B9CF-995984E4EC35}.Debug|x64.ActiveCfg = Debug|x64
		{B2E14157-64FE-3339-B9CF-995984E4EC35}.Debug|x64.Build.0 = Debug|x64
		{B2E14157-64FE-3339-B9CF-995984E4EC35}.Release|x64.ActiveCfg = Release|x64
		{B2E14157-64FE-3339-B9CF-995984E4EC35}.Release|x64.Build.0 = Release|x64
		{B2E14157-64FE-3339-B9CF-995984E4EC35}.MinSizeRel|x64.ActiveCfg = MinSizeRel|x64
		{B2E14157-64FE-3339-B9CF-995984E4EC35}.MinSizeRel|x64.Build.0 = MinSizeRel|x64
		{B2E14157-64FE-3339-B9CF-995984E4EC35}.RelWithDebInfo|x64.ActiveCfg = RelWithDebInfo|x64
		{B2E14157-64FE-3339-B9CF-995984E4EC35}.RelWithDebInfo|x64.Build.0 = RelWithDebInfo|x64
	EndGlobalSection
	GlobalSection(ExtensibilityGlobals) = postSolution
		SolutionGuid = {28436279-A67C-3959-BAE9-47F7842A2FD5}
	EndGlobalSection
	GlobalSection(ExtensibilityAddIns) = postSolution
	EndGlobalSection
EndGlobal
